Microsoft Visual Studio Solution File, Format Version 12.00
# Visual Studio Version 17
VisualStudioVersion = 17.5.2.0
MinimumVisualStudioVersion = 10.0.40219.1
Project("{FAE04EC0-301F-11D3-BF4B-00C04F79EFBC}") = "SimpleInventory", "SimpleInventory.csproj", "{97C17591-6C68-7B7A-2265-5AA4A7D71356}"
EndProject
Global
	GlobalSection(SolutionConfigurationPlatforms) = preSolution
		Debug|Any CPU = Debug|Any CPU
		Release|Any CPU = Release|Any CPU
	EndGlobalSection
	GlobalSection(ProjectConfigurationPlatforms) = postSolution
		{97C17591-6C68-7B7A-2265-5AA4A7D71356}.Debug|Any CPU.ActiveCfg = Debug|Any CPU
		{97C17591-6C68-7B7A-2265-5AA4A7D71356}.Debug|Any CPU.Build.0 = Debug|Any CPU
		{97C17591-6C68-7B7A-2265-5AA4A7D71356}.Release|Any CPU.ActiveCfg = Release|Any CPU
		{97C17591-6C68-7B7A-2265-5AA4A7D71356}.Release|Any CPU.Build.0 = Release|Any CPU
	EndGlobalSection
	GlobalSection(SolutionProperties) = preSolution
		HideSolutionNode = FALSE
	EndGlobalSection
	GlobalSection(ExtensibilityGlobals) = postSolution
		SolutionGuid = {0CC1F02A-8CE5-4C35-A924-8BE5817E8B6C}
	EndGlobalSection
EndGlobal
